
Microsoft Visual Studio Solution File, Format Version 12.00
# Visual Studio Version 16
VisualStudioVersion = 16.0.29509.3
MinimumVisualStudioVersion = 10.0.40219.1
Project("{FAE04EC0-301F-11D3-BF4B-00C04F79EFBC}") = "WinGitTest", "WinGitTest\WinGitTest.csproj", "{27F42499-552F-42DD-A7C2-B7AC33B9CEDB}"
EndProject
Global
	GlobalSection(SolutionConfigurationPlatforms) = preSolution
		Debug|Any CPU = Debug|Any CPU
		Release|Any CPU = Release|Any CPU
	EndGlobalSection
	GlobalSection(ProjectConfigurationPlatforms) = postSolution
		{27F42499-552F-42DD-A7C2-B7AC33B9CEDB}.Debug|Any CPU.ActiveCfg = Debug|Any CPU
		{27F42499-552F-42DD-A7C2-B7AC33B9CEDB}.Debug|Any CPU.Build.0 = Debug|Any CPU
		{27F42499-552F-42DD-A7C2-B7AC33B9CEDB}.Release|Any CPU.ActiveCfg = Release|Any CPU
		{27F42499-552F-42DD-A7C2-B7AC33B9CEDB}.Release|Any CPU.Build.0 = Release|Any CPU
	EndGlobalSection
	GlobalSection(SolutionProperties) = preSolution
		HideSolutionNode = FALSE
	EndGlobalSection
	GlobalSection(ExtensibilityGlobals) = postSolution
		SolutionGuid = {E7EE3038-0CA7-4C0B-B2D9-97DAF4F0D462}
	EndGlobalSection
EndGlobal
